
Microsoft Visual Studio Solution File, Format Version 12.00
# Visual Studio Version 17
VisualStudioVersion = 17.5.002.0
MinimumVisualStudioVersion = 10.0.40219.1
Project("{9A19103F-16F7-4668-BE54-9A1E7A4F7556}") = "iot_agent", "iot_agent.csproj", "{B1E6D928-9663-4BCD-97E3-44B17A1240F1}"
EndProject
Global
	GlobalSection(SolutionConfigurationPlatforms) = preSolution
		Debug|Any CPU = Debug|Any CPU
		Release|Any CPU = Release|Any CPU
	EndGlobalSection
	GlobalSection(ProjectConfigurationPlatforms) = postSolution
		{B1E6D928-9663-4BCD-97E3-44B17A1240F1}.Debug|Any CPU.ActiveCfg = Debug|Any CPU
		{B1E6D928-9663-4BCD-97E3-44B17A1240F1}.Debug|Any CPU.Build.0 = Debug|Any CPU
		{B1E6D928-9663-4BCD-97E3-44B17A1240F1}.Release|Any CPU.ActiveCfg = Release|Any CPU
		{B1E6D928-9663-4BCD-97E3-44B17A1240F1}.Release|Any CPU.Build.0 = Release|Any CPU
	EndGlobalSection
	GlobalSection(SolutionProperties) = preSolution
		HideSolutionNode = FALSE
	EndGlobalSection
	GlobalSection(ExtensibilityGlobals) = postSolution
		SolutionGuid = {4C513316-042E-45F1-A049-3B32C3BD77A8}
	EndGlobalSection
EndGlobal
