
Microsoft Visual Studio Solution File, Format Version 12.00
# Visual Studio Version 17
VisualStudioVersion = 17.5.002.0
MinimumVisualStudioVersion = 10.0.40219.1
Project("{9A19103F-16F7-4668-BE54-9A1E7A4F7556}") = "dataManager", "dataManager.csproj", "{FDDB717C-8B6D-4C85-A859-039E1DFEF480}"
EndProject
Global
	GlobalSection(SolutionConfigurationPlatforms) = preSolution
		Debug|Any CPU = Debug|Any CPU
		Release|Any CPU = Release|Any CPU
	EndGlobalSection
	GlobalSection(ProjectConfigurationPlatforms) = postSolution
		{FDDB717C-8B6D-4C85-A859-039E1DFEF480}.Debug|Any CPU.ActiveCfg = Debug|Any CPU
		{FDDB717C-8B6D-4C85-A859-039E1DFEF480}.Debug|Any CPU.Build.0 = Debug|Any CPU
		{FDDB717C-8B6D-4C85-A859-039E1DFEF480}.Release|Any CPU.ActiveCfg = Release|Any CPU
		{FDDB717C-8B6D-4C85-A859-039E1DFEF480}.Release|Any CPU.Build.0 = Release|Any CPU
	EndGlobalSection
	GlobalSection(SolutionProperties) = preSolution
		HideSolutionNode = FALSE
	EndGlobalSection
	GlobalSection(ExtensibilityGlobals) = postSolution
		SolutionGuid = {76E59579-37CE-4902-99E6-CF2718868FFB}
	EndGlobalSection
EndGlobal
